
Microsoft Visual Studio Solution File, Format Version 12.00
# Visual Studio Version 17
VisualStudioVersion = 17.2.32630.192
MinimumVisualStudioVersion = 10.0.40219.1
Project("{9A19103F-16F7-4668-BE54-9A1E7A4F7556}") = "AutomationFW.Common", "AutomationFW.Common\AutomationFW.Common.csproj", "{0BF39B9A-38A5-4DB6-8BFA-7CEDF91CAF0A}"
EndProject
Project("{9A19103F-16F7-4668-BE54-9A1E7A4F7556}") = "AutomationFW.Test", "AutomationFW.Test\AutomationFW.Test.csproj", "{38D6320E-397F-40AA-B892-EC1EAE75518B}"
EndProject
Global
	GlobalSection(SolutionConfigurationPlatforms) = preSolution
		Debug|Any CPU = Debug|Any CPU
		Release|Any CPU = Release|Any CPU
	EndGlobalSection
	GlobalSection(ProjectConfigurationPlatforms) = postSolution
		{0BF39B9A-38A5-4DB6-8BFA-7CEDF91CAF0A}.Debug|Any CPU.ActiveCfg = Debug|Any CPU
		{0BF39B9A-38A5-4DB6-8BFA-7CEDF91CAF0A}.Debug|Any CPU.Build.0 = Debug|Any CPU
		{0BF39B9A-38A5-4DB6-8BFA-7CEDF91CAF0A}.Release|Any CPU.ActiveCfg = Release|Any CPU
		{0BF39B9A-38A5-4DB6-8BFA-7CEDF91CAF0A}.Release|Any CPU.Build.0 = Release|Any CPU
		{38D6320E-397F-40AA-B892-EC1EAE75518B}.Debug|Any CPU.ActiveCfg = Debug|Any CPU
		{38D6320E-397F-40AA-B892-EC1EAE75518B}.Debug|Any CPU.Build.0 = Debug|Any CPU
		{38D6320E-397F-40AA-B892-EC1EAE75518B}.Release|Any CPU.ActiveCfg = Release|Any CPU
		{38D6320E-397F-40AA-B892-EC1EAE75518B}.Release|Any CPU.Build.0 = Release|Any CPU
	EndGlobalSection
	GlobalSection(SolutionProperties) = preSolution
		HideSolutionNode = FALSE
	EndGlobalSection
	GlobalSection(ExtensibilityGlobals) = postSolution
		SolutionGuid = {B515DD5C-86E4-4015-8C31-6A6310C808FC}
	EndGlobalSection
EndGlobal
